
Microsoft Visual Studio Solution File, Format Version 12.00
# Visual Studio 14
VisualStudioVersion = 14.0.25420.1
MinimumVisualStudioVersion = 10.0.40219.1
Project("{FAE04EC0-301F-11D3-BF4B-00C04F79EFBC}") = "TheEagles", "TheEagles\TheEagles.csproj", "{BB01CE84-74A7-4278-82D7-EE89BAD91836}"
EndProject
Global
	GlobalSection(SolutionConfigurationPlatforms) = preSolution
		Debug|Any CPU = Debug|Any CPU
		Release|Any CPU = Release|Any CPU
	EndGlobalSection
	GlobalSection(ProjectConfigurationPlatforms) = postSolution
		{BB01CE84-74A7-4278-82D7-EE89BAD91836}.Debug|Any CPU.ActiveCfg = Debug|Any CPU
		{BB01CE84-74A7-4278-82D7-EE89BAD91836}.Debug|Any CPU.Build.0 = Debug|Any CPU
		{BB01CE84-74A7-4278-82D7-EE89BAD91836}.Release|Any CPU.ActiveCfg = Release|Any CPU
		{BB01CE84-74A7-4278-82D7-EE89BAD91836}.Release|Any CPU.Build.0 = Release|Any CPU
	EndGlobalSection
	GlobalSection(SolutionProperties) = preSolution
		HideSolutionNode = FALSE
	EndGlobalSection
EndGlobal
